
Microsoft Visual Studio Solution File, Format Version 9.00
# Visual Studio 2005
Project("{8BC9CEB8-8B4A-11D0-8D11-00A0C91BC942}") = "Engine", "engine\Engine.vcproj", "{519E9A17-7A72-4FF0-AD22-005750A79F65}"
	ProjectSection(ProjectDependencies) = postProject
		{F79860DA-35ED-4D33-B7D5-EB0EE34A421F} = {F79860DA-35ED-4D33-B7D5-EB0EE34A421F}
		{15C08CC8-CE7E-4077-8317-9848F1ACD187} = {15C08CC8-CE7E-4077-8317-9848F1ACD187}
		{E778D2AB-8ECD-4332-95FB-57598FA179CF} = {E778D2AB-8ECD-4332-95FB-57598FA179CF}
	EndProjectSection
EndProject
Project("{8BC9CEB8-8B4A-11D0-8D11-00A0C91BC942}") = "World", "engine\world\World.vcproj", "{E778D2AB-8ECD-4332-95FB-57598FA179CF}"
	ProjectSection(ProjectDependencies) = postProject
		{D5D4E6C0-6919-4D58-A245-FC88C6CF4A95} = {D5D4E6C0-6919-4D58-A245-FC88C6CF4A95}
	EndProjectSection
EndProject
Project("{8BC9CEB8-8B4A-11D0-8D11-00A0C91BC942}") = "System", "engine\system\System.vcproj", "{15C08CC8-CE7E-4077-8317-9848F1ACD187}"
EndProject
Project("{8BC9CEB8-8B4A-11D0-8D11-00A0C91BC942}") = "Graphics", "engine\graphics\Graphics.vcproj", "{F79860DA-35ED-4D33-B7D5-EB0EE34A421F}"
EndProject
Project("{8BC9CEB8-8B4A-11D0-8D11-00A0C91BC942}") = "UI", "engine\ui\ui.vcproj", "{2BB28CCB-104C-464B-9DD9-3C5E7FC3A42B}"
EndProject
Project("{8BC9CEB8-8B4A-11D0-8D11-00A0C91BC942}") = "Game", "game\game.vcproj", "{81A40EDC-A27E-4DE7-A2E7-3710160532D9}"
	ProjectSection(ProjectDependencies) = postProject
		{F79860DA-35ED-4D33-B7D5-EB0EE34A421F} = {F79860DA-35ED-4D33-B7D5-EB0EE34A421F}
		{2BB28CCB-104C-464B-9DD9-3C5E7FC3A42B} = {2BB28CCB-104C-464B-9DD9-3C5E7FC3A42B}
		{15C08CC8-CE7E-4077-8317-9848F1ACD187} = {15C08CC8-CE7E-4077-8317-9848F1ACD187}
		{519E9A17-7A72-4FF0-AD22-005750A79F65} = {519E9A17-7A72-4FF0-AD22-005750A79F65}
	EndProjectSection
EndProject
Project("{8BC9CEB8-8B4A-11D0-8D11-00A0C91BC942}") = "Math", "engine\Math\Math.vcproj", "{D5D4E6C0-6919-4D58-A245-FC88C6CF4A95}"
EndProject
Global
	GlobalSection(SolutionConfigurationPlatforms) = preSolution
		Debug|Any CPU = Debug|Any CPU
		Debug|Mixed Platforms = Debug|Mixed Platforms
		Debug|Win32 = Debug|Win32
		Release|Any CPU = Release|Any CPU
		Release|Mixed Platforms = Release|Mixed Platforms
		Release|Win32 = Release|Win32
	EndGlobalSection
	GlobalSection(ProjectConfigurationPlatforms) = postSolution
		{519E9A17-7A72-4FF0-AD22-005750A79F65}.Debug|Any CPU.ActiveCfg = Debug|Win32
		{519E9A17-7A72-4FF0-AD22-005750A79F65}.Debug|Mixed Platforms.ActiveCfg = Debug|Win32
		{519E9A17-7A72-4FF0-AD22-005750A79F65}.Debug|Mixed Platforms.Build.0 = Debug|Win32
		{519E9A17-7A72-4FF0-AD22-005750A79F65}.Debug|Win32.ActiveCfg = Debug|Win32
		{519E9A17-7A72-4FF0-AD22-005750A79F65}.Debug|Win32.Build.0 = Debug|Win32
		{519E9A17-7A72-4FF0-AD22-005750A79F65}.Release|Any CPU.ActiveCfg = Release|Win32
		{519E9A17-7A72-4FF0-AD22-005750A79F65}.Release|Mixed Platforms.ActiveCfg = Release|Win32
		{519E9A17-7A72-4FF0-AD22-005750A79F65}.Release|Mixed Platforms.Build.0 = Release|Win32
		{519E9A17-7A72-4FF0-AD22-005750A79F65}.Release|Win32.ActiveCfg = Release|Win32
		{519E9A17-7A72-4FF0-AD22-005750A79F65}.Release|Win32.Build.0 = Release|Win32
		{E778D2AB-8ECD-4332-95FB-57598FA179CF}.Debug|Any CPU.ActiveCfg = Debug|Win32
		{E778D2AB-8ECD-4332-95FB-57598FA179CF}.Debug|Mixed Platforms.ActiveCfg = Debug|Win32
		{E778D2AB-8ECD-4332-95FB-57598FA179CF}.Debug|Mixed Platforms.Build.0 = Debug|Win32
		{E778D2AB-8ECD-4332-95FB-57598FA179CF}.Debug|Win32.ActiveCfg = Debug|Win32
		{E778D2AB-8ECD-4332-95FB-57598FA179CF}.Debug|Win32.Build.0 = Debug|Win32
		{E778D2AB-8ECD-4332-95FB-57598FA179CF}.Release|Any CPU.ActiveCfg = Release|Win32
		{E778D2AB-8ECD-4332-95FB-57598FA179CF}.Release|Mixed Platforms.ActiveCfg = Release|Win32
		{E778D2AB-8ECD-4332-95FB-57598FA179CF}.Release|Mixed Platforms.Build.0 = Release|Win32
		{E778D2AB-8ECD-4332-95FB-57598FA179CF}.Release|Win32.ActiveCfg = Release|Win32
		{E778D2AB-8ECD-4332-95FB-57598FA179CF}.Release|Win32.Build.0 = Release|Win32
		{15C08CC8-CE7E-4077-8317-9848F1ACD187}.Debug|Any CPU.ActiveCfg = Debug|Win32
		{15C08CC8-CE7E-4077-8317-9848F1ACD187}.Debug|Mixed Platforms.ActiveCfg = Debug|Win32
		{15C08CC8-CE7E-4077-8317-9848F1ACD187}.Debug|Mixed Platforms.Build.0 = Debug|Win32
		{15C08CC8-CE7E-4077-8317-9848F1ACD187}.Debug|Win32.ActiveCfg = Debug|Win32
		{15C08CC8-CE7E-4077-8317-9848F1ACD187}.Debug|Win32.Build.0 = Debug|Win32
		{15C08CC8-CE7E-4077-8317-9848F1ACD187}.Release|Any CPU.ActiveCfg = Release|Win32
		{15C08CC8-CE7E-4077-8317-9848F1ACD187}.Release|Mixed Platforms.ActiveCfg = Release|Win32
		{15C08CC8-CE7E-4077-8317-9848F1ACD187}.Release|Mixed Platforms.Build.0 = Release|Win32
		{15C08CC8-CE7E-4077-8317-9848F1ACD187}.Release|Win32.ActiveCfg = Release|Win32
		{15C08CC8-CE7E-4077-8317-9848F1ACD187}.Release|Win32.Build.0 = Release|Win32
		{F79860DA-35ED-4D33-B7D5-EB0EE34A421F}.Debug|Any CPU.ActiveCfg = Debug|Win32
		{F79860DA-35ED-4D33-B7D5-EB0EE34A421F}.Debug|Mixed Platforms.ActiveCfg = Debug|Win32
		{F79860DA-35ED-4D33-B7D5-EB0EE34A421F}.Debug|Mixed Platforms.Build.0 = Debug|Win32
		{F79860DA-35ED-4D33-B7D5-EB0EE34A421F}.Debug|Win32.ActiveCfg = Debug|Win32
		{F79860DA-35ED-4D33-B7D5-EB0EE34A421F}.Debug|Win32.Build.0 = Debug|Win32
		{F79860DA-35ED-4D33-B7D5-EB0EE34A421F}.Release|Any CPU.ActiveCfg = Release|Win32
		{F79860DA-35ED-4D33-B7D5-EB0EE34A421F}.Release|Mixed Platforms.ActiveCfg = Release|Win32
		{F79860DA-35ED-4D33-B7D5-EB0EE34A421F}.Release|Mixed Platforms.Build.0 = Release|Win32
		{F79860DA-35ED-4D33-B7D5-EB0EE34A421F}.Release|Win32.ActiveCfg = Release|Win32
		{F79860DA-35ED-4D33-B7D5-EB0EE34A421F}.Release|Win32.Build.0 = Release|Win32
		{2BB28CCB-104C-464B-9DD9-3C5E7FC3A42B}.Debug|Any CPU.ActiveCfg = Debug|Win32
		{2BB28CCB-104C-464B-9DD9-3C5E7FC3A42B}.Debug|Mixed Platforms.ActiveCfg = Debug|Win32
		{2BB28CCB-104C-464B-9DD9-3C5E7FC3A42B}.Debug|Mixed Platforms.Build.0 = Debug|Win32
		{2BB28CCB-104C-464B-9DD9-3C5E7FC3A42B}.Debug|Win32.ActiveCfg = Debug|Win32
		{2BB28CCB-104C-464B-9DD9-3C5E7FC3A42B}.Debug|Win32.Build.0 = Debug|Win32
		{2BB28CCB-104C-464B-9DD9-3C5E7FC3A42B}.Release|Any CPU.ActiveCfg = Release|Win32
		{2BB28CCB-104C-464B-9DD9-3C5E7FC3A42B}.Release|Mixed Platforms.ActiveCfg = Release|Win32
		{2BB28CCB-104C-464B-9DD9-3C5E7FC3A42B}.Release|Mixed Platforms.Build.0 = Release|Win32
		{2BB28CCB-104C-464B-9DD9-3C5E7FC3A42B}.Release|Win32.ActiveCfg = Release|Win32
		{2BB28CCB-104C-464B-9DD9-3C5E7FC3A42B}.Release|Win32.Build.0 = Release|Win32
		{81A40EDC-A27E-4DE7-A2E7-3710160532D9}.Debug|Any CPU.ActiveCfg = Debug|Win32
		{81A40EDC-A27E-4DE7-A2E7-3710160532D9}.Debug|Mixed Platforms.ActiveCfg = Debug|Win32
		{81A40EDC-A27E-4DE7-A2E7-3710160532D9}.Debug|Mixed Platforms.Build.0 = Debug|Win32
		{81A40EDC-A27E-4DE7-A2E7-3710160532D9}.Debug|Win32.ActiveCfg = Debug|Win32
		{81A40EDC-A27E-4DE7-A2E7-3710160532D9}.Debug|Win32.Build.0 = Debug|Win32
		{81A40EDC-A27E-4DE7-A2E7-3710160532D9}.Release|Any CPU.ActiveCfg = Release|Win32
		{81A40EDC-A27E-4DE7-A2E7-3710160532D9}.Release|Mixed Platforms.ActiveCfg = Release|Win32
		{81A40EDC-A27E-4DE7-A2E7-3710160532D9}.Release|Mixed Platforms.Build.0 = Release|Win32
		{81A40EDC-A27E-4DE7-A2E7-3710160532D9}.Release|Win32.ActiveCfg = Release|Win32
		{81A40EDC-A27E-4DE7-A2E7-3710160532D9}.Release|Win32.Build.0 = Release|Win32
		{D5D4E6C0-6919-4D58-A245-FC88C6CF4A95}.Debug|Any CPU.ActiveCfg = Debug|Win32
		{D5D4E6C0-6919-4D58-A245-FC88C6CF4A95}.Debug|Mixed Platforms.ActiveCfg = Debug|Win32
		{D5D4E6C0-6919-4D58-A245-FC88C6CF4A95}.Debug|Mixed Platforms.Build.0 = Debug|Win32
		{D5D4E6C0-6919-4D58-A245-FC88C6CF4A95}.Debug|Win32.ActiveCfg = Debug|Win32
		{D5D4E6C0-6919-4D58-A245-FC88C6CF4A95}.Debug|Win32.Build.0 = Debug|Win32
		{D5D4E6C0-6919-4D58-A245-FC88C6CF4A95}.Release|Any CPU.ActiveCfg = Release|Win32
		{D5D4E6C0-6919-4D58-A245-FC88C6CF4A95}.Release|Mixed Platforms.ActiveCfg = Release|Win32
		{D5D4E6C0-6919-4D58-A245-FC88C6CF4A95}.Release|Mixed Platforms.Build.0 = Release|Win32
		{D5D4E6C0-6919-4D58-A245-FC88C6CF4A95}.Release|Win32.ActiveCfg = Release|Win32
		{D5D4E6C0-6919-4D58-A245-FC88C6CF4A95}.Release|Win32.Build.0 = Release|Win32
	EndGlobalSection
	GlobalSection(SolutionProperties) = preSolution
		HideSolutionNode = FALSE
	EndGlobalSection
EndGlobal
